
Microsoft Visual Studio Solution File, Format Version 12.00
# Visual Studio 15
Project("{FAE04EC0-301F-11D3-BF4B-00C04F79EFBC}") = "Assembly-CSharp", "Assembly-CSharp.csproj", "{494A527C-DFDE-6F72-B397-9F038A49F844}"
EndProject
Project("{FAE04EC0-301F-11D3-BF4B-00C04F79EFBC}") = "Assembly-CSharp-Editor", "Assembly-CSharp-Editor.csproj", "{789B7E7F-84DC-ED04-D46C-D6D84E449D44}"
EndProject
Global
	GlobalSection(SolutionConfigurationPlatforms) = preSolution
		Debug|Any CPU = Debug|Any CPU
		Release|Any CPU = Release|Any CPU
	EndGlobalSection
	GlobalSection(ProjectConfigurationPlatforms) = postSolution
		{494A527C-DFDE-6F72-B397-9F038A49F844}.Debug|Any CPU.ActiveCfg = Debug|Any CPU
		{494A527C-DFDE-6F72-B397-9F038A49F844}.Debug|Any CPU.Build.0 = Debug|Any CPU
		{494A527C-DFDE-6F72-B397-9F038A49F844}.Release|Any CPU.ActiveCfg = Release|Any CPU
		{494A527C-DFDE-6F72-B397-9F038A49F844}.Release|Any CPU.Build.0 = Release|Any CPU
		{789B7E7F-84DC-ED04-D46C-D6D84E449D44}.Debug|Any CPU.ActiveCfg = Debug|Any CPU
		{789B7E7F-84DC-ED04-D46C-D6D84E449D44}.Debug|Any CPU.Build.0 = Debug|Any CPU
		{789B7E7F-84DC-ED04-D46C-D6D84E449D44}.Release|Any CPU.ActiveCfg = Release|Any CPU
		{789B7E7F-84DC-ED04-D46C-D6D84E449D44}.Release|Any CPU.Build.0 = Release|Any CPU
	EndGlobalSection
	GlobalSection(SolutionProperties) = preSolution
		HideSolutionNode = FALSE
	EndGlobalSection
EndGlobal
